// !$*UTF8*$!
{
	archiveVersion = 1;
	classes = {
	};
	objectVersion = 46;
	objects = {

/* Begin PBXBuildFile section */
		4BB1EFAD1D2277940035D746 /* main.m in Sources */ = {isa = PBXBuildFile; fileRef = 4BB1EFAC1D2277940035D746 /* main.m */; };
		4BB1EFB01D2277940035D746 /* AppDelegate.m in Sources */ = {isa = PBXBuildFile; fileRef = 4BB1EFAF1D2277940035D746 /* AppDelegate.m */; };
		4BB1EFB31D2277940035D746 /* TableViewController.m in Sources */ = {isa = PBXBuildFile; fileRef = 4BB1EFB21D2277940035D746 /* TableViewController.m */; };
		4BB1EFB61D2277940035D746 /* Main.storyboard in Resources */ = {isa = PBXBuildFile; fileRef = 4BB1EFB41D2277940035D746 /* Main.storyboard */; };
		4BB1EFB81D2277940035D746 /* Assets.xcassets in Resources */ = {isa = PBXBuildFile; fileRef = 4BB1EFB71D2277940035D746 /* Assets.xcassets */; };
		4BB1EFBB1D2277940035D746 /* LaunchScreen.storyboard in Resources */ = {isa = PBXBuildFile; fileRef = 4BB1EFB91D2277940035D746 /* LaunchScreen.storyboard */; };
		4BB1EFC61D2277940035D746 /* foldingCell_ocTests.m in Sources */ = {isa = PBXBuildFile; fileRef = 4BB1EFC51D2277940035D746 /* foldingCell_ocTests.m */; };
		4BB1EFD11D2277940035D746 /* foldingCell_ocUITests.m in Sources */ = {isa = PBXBuildFile; fileRef = 4BB1EFD01D2277940035D746 /* foldingCell_ocUITests.m */; };
		4BB1EFE01D2278580035D746 /* FoldingCell.m in Sources */ = {isa = PBXBuildFile; fileRef = 4BB1EFDF1D2278580035D746 /* FoldingCell.m */; };
		D5B0A2081D2406A20015A79A /* FoldingCell.xib in Resources */ = {isa = PBXBuildFile; fileRef = D5B0A2071D2406A20015A79A /* FoldingCell.xib */; };
		D5B0A20F1D2407BC0015A79A /* image.png in Resources */ = {isa = PBXBuildFile; fileRef = D5B0A20B1D2407BC0015A79A /* image.png */; };
		D5B0A2101D2407BC0015A79A /* login_background.png in Resources */ = {isa = PBXBuildFile; fileRef = D5B0A20C1D2407BC0015A79A /* login_background.png */; };
		D5B0A2111D2407BC0015A79A /* main_background.png in Resources */ = {isa = PBXBuildFile; fileRef = D5B0A20D1D2407BC0015A79A /* main_background.png */; };
		D5B0A2121D2407BC0015A79A /* main_gray.png in Resources */ = {isa = PBXBuildFile; fileRef = D5B0A20E1D2407BC0015A79A /* main_gray.png */; };
		D5B0A2141D2412E20015A79A /* dots.png in Resources */ = {isa = PBXBuildFile; fileRef = D5B0A2131D2412E20015A79A /* dots.png */; };
		D5B0A2171D24132F0015A79A /* 9885883_222259288000_2.jpg in Resources */ = {isa = PBXBuildFile; fileRef = D5B0A2151D24132F0015A79A /* 9885883_222259288000_2.jpg */; };
		D5B0A2181D24132F0015A79A /* u=521190356,2495057524&fm=21&gp=0.jpg in Resources */ = {isa = PBXBuildFile; fileRef = D5B0A2161D24132F0015A79A /* u=521190356,2495057524&fm=21&gp=0.jpg */; };
/* End PBXBuildFile section */

/* Begin PBXContainerItemProxy section */
		4BB1EFC21D2277940035D746 /* PBXContainerItemProxy */ = {
			isa = PBXContainerItemProxy;
			containerPortal = 4BB1EFA01D2277940035D746 /* Project object */;
			proxyType = 1;
			remoteGlobalIDString = 4BB1EFA71D2277940035D746;
			remoteInfo = "foldingCell-oc";
		};
		4BB1EFCD1D2277940035D746 /* PBXContainerItemProxy */ = {
			isa = PBXContainerItemProxy;
			containerPortal = 4BB1EFA01D2277940035D746 /* Project object */;
			proxyType = 1;
			remoteGlobalIDString = 4BB1EFA71D2277940035D746;
			remoteInfo = "foldingCell-oc";
		};
/* End PBXContainerItemProxy section */

/* Begin PBXFileReference section */
		4BB1EFA81D2277940035D746 /* foldingCell-oc.app */ = {isa = PBXFileReference; explicitFileType = wrapper.application; includeInIndex = 0; path = "foldingCell-oc.app"; sourceTree = BUILT_PRODUCTS_DIR; };
		4BB1EFAC1D2277940035D746 /* main.m */ = {isa = PBXFileReference; lastKnownFileType = sourcecode.c.objc; path = main.m; sourceTree = "<group>"; };
		4BB1EFAE1D2277940035D746 /* AppDelegate.h */ = {isa = PBXFileReference; lastKnownFileType = sourcecode.c.h; path = AppDelegate.h; sourceTree = "<group>"; };
		4BB1EFAF1D2277940035D746 /* AppDelegate.m */ = {isa = PBXFileReference; lastKnownFileType = sourcecode.c.objc; path = AppDelegate.m; sourceTree = "<group>"; };
		4BB1EFB11D2277940035D746 /* TableViewController.h */ = {isa = PBXFileReference; lastKnownFileType = sourcecode.c.h; path = TableViewController.h; sourceTree = "<group>"; };
		4BB1EFB21D2277940035D746 /* TableViewController.m */ = {isa = PBXFileReference; lastKnownFileType = sourcecode.c.objc; path = TableViewController.m; sourceTree = "<group>"; };
		4BB1EFB51D2277940035D746 /* Base */ = {isa = PBXFileReference; lastKnownFileType = file.storyboard; name = Base; path = Base.lproj/Main.storyboard; sourceTree = "<group>"; };
		4BB1EFB71D2277940035D746 /* Assets.xcassets */ = {isa = PBXFileReference; lastKnownFileType = folder.assetcatalog; path = Assets.xcassets; sourceTree = "<group>"; };
		4BB1EFBA1D2277940035D746 /* Base */ = {isa = PBXFileReference; lastKnownFileType = file.storyboard; name = Base; path = Base.lproj/LaunchScreen.storyboard; sourceTree = "<group>"; };
		4BB1EFBC1D2277940035D746 /* Info.plist */ = {isa = PBXFileReference; lastKnownFileType = text.plist.xml; path = Info.plist; sourceTree = "<group>"; };
		4BB1EFC11D2277940035D746 /* foldingCell-ocTests.xctest */ = {isa = PBXFileReference; explicitFileType = wrapper.cfbundle; includeInIndex = 0; path = "foldingCell-ocTests.xctest"; sourceTree = BUILT_PRODUCTS_DIR; };
		4BB1EFC51D2277940035D746 /* foldingCell_ocTests.m */ = {isa = PBXFileReference; lastKnownFileType = sourcecode.c.objc; path = foldingCell_ocTests.m; sourceTree = "<group>"; };
		4BB1EFC71D2277940035D746 /* Info.plist */ = {isa = PBXFileReference; lastKnownFileType = text.plist.xml; path = Info.plist; sourceTree = "<group>"; };
		4BB1EFCC1D2277940035D746 /* foldingCell-ocUITests.xctest */ = {isa = PBXFileReference; explicitFileType = wrapper.cfbundle; includeInIndex = 0; path = "foldingCell-ocUITests.xctest"; sourceTree = BUILT_PRODUCTS_DIR; };
		4BB1EFD01D2277940035D746 /* foldingCell_ocUITests.m */ = {isa = PBXFileReference; lastKnownFileType = sourcecode.c.objc; path = foldingCell_ocUITests.m; sourceTree = "<group>"; };
		4BB1EFD21D2277940035D746 /* Info.plist */ = {isa = PBXFileReference; lastKnownFileType = text.plist.xml; path = Info.plist; sourceTree = "<group>"; };
		4BB1EFDE1D2278580035D746 /* FoldingCell.h */ = {isa = PBXFileReference; fileEncoding = 4; lastKnownFileType = sourcecode.c.h; path = FoldingCell.h; sourceTree = "<group>"; };
		4BB1EFDF1D2278580035D746 /* FoldingCell.m */ = {isa = PBXFileReference; fileEncoding = 4; lastKnownFileType = sourcecode.c.objc; path = FoldingCell.m; sourceTree = "<group>"; };
		D5B0A2071D2406A20015A79A /* FoldingCell.xib */ = {isa = PBXFileReference; fileEncoding = 4; lastKnownFileType = file.xib; path = FoldingCell.xib; sourceTree = "<group>"; };
		D5B0A20B1D2407BC0015A79A /* image.png */ = {isa = PBXFileReference; lastKnownFileType = image.png; path = image.png; sourceTree = "<group>"; };
		D5B0A20C1D2407BC0015A79A /* login_background.png */ = {isa = PBXFileReference; lastKnownFileType = image.png; path = login_background.png; sourceTree = "<group>"; };
		D5B0A20D1D2407BC0015A79A /* main_background.png */ = {isa = PBXFileReference; lastKnownFileType = image.png; path = main_background.png; sourceTree = "<group>"; };
		D5B0A20E1D2407BC0015A79A /* main_gray.png */ = {isa = PBXFileReference; lastKnownFileType = image.png; path = main_gray.png; sourceTree = "<group>"; };
		D5B0A2131D2412E20015A79A /* dots.png */ = {isa = PBXFileReference; lastKnownFileType = image.png; path = dots.png; sourceTree = "<group>"; };
		D5B0A2151D24132F0015A79A /* 9885883_222259288000_2.jpg */ = {isa = PBXFileReference; lastKnownFileType = image.jpeg; path = 9885883_222259288000_2.jpg; sourceTree = "<group>"; };
		D5B0A2161D24132F0015A79A /* u=521190356,2495057524&fm=21&gp=0.jpg */ = {isa = PBXFileReference; lastKnownFileType = image.jpeg; path = "u=521190356,2495057524&fm=21&gp=0.jpg"; sourceTree = "<group>"; };
/* End PBXFileReference section */

/* Begin PBXFrameworksBuildPhase section */
		4BB1EFA51D2277940035D746 /* Frameworks */ = {
			isa = PBXFrameworksBuildPhase;
			buildActionMask = 2147483647;
			files = (
			);
			runOnlyForDeploymentPostprocessing = 0;
		};
		4BB1EFBE1D2277940035D746 /* Frameworks */ = {
			isa = PBXFrameworksBuildPhase;
			buildActionMask = 2147483647;
			files = (
			);
			runOnlyForDeploymentPostprocessing = 0;
		};
		4BB1EFC91D2277940035D746 /* Frameworks */ = {
			isa = PBXFrameworksBuildPhase;
			buildActionMask = 2147483647;
			files = (
			);
			runOnlyForDeploymentPostprocessing = 0;
		};
/* End PBXFrameworksBuildPhase section */

/* Begin PBXGroup section */
		4BB1EF9F1D2277940035D746 = {
			isa = PBXGroup;
			children = (
				4BB1EFAA1D2277940035D746 /* foldingCell-oc */,
				4BB1EFC41D2277940035D746 /* foldingCell-ocTests */,
				4BB1EFCF1D2277940035D746 /* foldingCell-ocUITests */,
				4BB1EFA91D2277940035D746 /* Products */,
			);
			sourceTree = "<group>";
		};
		4BB1EFA91D2277940035D746 /* Products */ = {
			isa = PBXGroup;
			children = (
				4BB1EFA81D2277940035D746 /* foldingCell-oc.app */,
				4BB1EFC11D2277940035D746 /* foldingCell-ocTests.xctest */,
				4BB1EFCC1D2277940035D746 /* foldingCell-ocUITests.xctest */,
			);
			name = Products;
			sourceTree = "<group>";
		};
		4BB1EFAA1D2277940035D746 /* foldingCell-oc */ = {
			isa = PBXGroup;
			children = (
				4BB1EFAE1D2277940035D746 /* AppDelegate.h */,
				4BB1EFAF1D2277940035D746 /* AppDelegate.m */,
				4BB1EFB11D2277940035D746 /* TableViewController.h */,
				4BB1EFB21D2277940035D746 /* TableViewController.m */,
				4BB1EFDE1D2278580035D746 /* FoldingCell.h */,
				4BB1EFDF1D2278580035D746 /* FoldingCell.m */,
				D5B0A2071D2406A20015A79A /* FoldingCell.xib */,
				D5B0A20B1D2407BC0015A79A /* image.png */,
				D5B0A20C1D2407BC0015A79A /* login_background.png */,
				D5B0A20D1D2407BC0015A79A /* main_background.png */,
				D5B0A20E1D2407BC0015A79A /* main_gray.png */,
				D5B0A2131D2412E20015A79A /* dots.png */,
				D5B0A2151D24132F0015A79A /* 9885883_222259288000_2.jpg */,
				D5B0A2161D24132F0015A79A /* u=521190356,2495057524&fm=21&gp=0.jpg */,
				4BB1EFAB1D2277940035D746 /* Supporting Files */,
			);
			path = "foldingCell-oc";
			sourceTree = "<group>";
		};
		4BB1EFAB1D2277940035D746 /* Supporting Files */ = {
			isa = PBXGroup;
			children = (
				4BB1EFB41D2277940035D746 /* Main.storyboard */,
				4BB1EFB71D2277940035D746 /* Assets.xcassets */,
				4BB1EFB91D2277940035D746 /* LaunchScreen.storyboard */,
				4BB1EFBC1D2277940035D746 /* Info.plist */,
				4BB1EFAC1D2277940035D746 /* main.m */,
			);
			name = "Supporting Files";
			sourceTree = "<group>";
		};
		4BB1EFC41D2277940035D746 /* foldingCell-ocTests */ = {
			isa = PBXGroup;
			children = (
				4BB1EFC51D2277940035D746 /* foldingCell_ocTests.m */,
				4BB1EFC71D2277940035D746 /* Info.plist */,
			);
			path = "foldingCell-ocTests";
			sourceTree = "<group>";
		};
		4BB1EFCF1D2277940035D746 /* foldingCell-ocUITests */ = {
			isa = PBXGroup;
			children = (
				4BB1EFD01D2277940035D746 /* foldingCell_ocUITests.m */,
				4BB1EFD21D2277940035D746 /* Info.plist */,
			);
			path = "foldingCell-ocUITests";
			sourceTree = "<group>";
		};
/* End PBXGroup section */

/* Begin PBXNativeTarget section */
		4BB1EFA71D2277940035D746 /* foldingCell-oc */ = {
			isa = PBXNativeTarget;
			buildConfigurationList = 4BB1EFD51D2277940035D746 /* Build configuration list for PBXNativeTarget "foldingCell-oc" */;
			buildPhases = (
				4BB1EFA41D2277940035D746 /* Sources */,
				4BB1EFA51D2277940035D746 /* Frameworks */,
				4BB1EFA61D2277940035D746 /* Resources */,
			);
			buildRules = (
			);
			dependencies = (
			);
			name = "foldingCell-oc";
			productName = "foldingCell-oc";
			productReference = 4BB1EFA81D2277940035D746 /* foldingCell-oc.app */;
			productType = "com.apple.product-type.application";
		};
		4BB1EFC01D2277940035D746 /* foldingCell-ocTests */ = {
			isa = PBXNativeTarget;
			buildConfigurationList = 4BB1EFD81D2277940035D746 /* Build configuration list for PBXNativeTarget "foldingCell-ocTests" */;
			buildPhases = (
				4BB1EFBD1D2277940035D746 /* Sources */,
				4BB1EFBE1D2277940035D746 /* Frameworks */,
				4BB1EFBF1D2277940035D746 /* Resources */,
			);
			buildRules = (
			);
			dependencies = (
				4BB1EFC31D2277940035D746 /* PBXTargetDependency */,
			);
			name = "foldingCell-ocTests";
			productName = "foldingCell-ocTests";
			productReference = 4BB1EFC11D2277940035D746 /* foldingCell-ocTests.xctest */;
			productType = "com.apple.product-type.bundle.unit-test";
		};
		4BB1EFCB1D2277940035D746 /* foldingCell-ocUITests */ = {
			isa = PBXNativeTarget;
			buildConfigurationList = 4BB1EFDB1D2277940035D746 /* Build configuration list for PBXNativeTarget "foldingCell-ocUITests" */;
			buildPhases = (
				4BB1EFC81D2277940035D746 /* Sources */,
				4BB1EFC91D2277940035D746 /* Frameworks */,
				4BB1EFCA1D2277940035D746 /* Resources */,
			);
			buildRules = (
			);
			dependencies = (
				4BB1EFCE1D2277940035D746 /* PBXTargetDependency */,
			);
			name = "foldingCell-ocUITests";
			productName = "foldingCell-ocUITests";
			productReference = 4BB1EFCC1D2277940035D746 /* foldingCell-ocUITests.xctest */;
			productType = "com.apple.product-type.bundle.ui-testing";
		};
/* End PBXNativeTarget section */

/* Begin PBXProject section */
		4BB1EFA01D2277940035D746 /* Project object */ = {
			isa = PBXProject;
			attributes = {
				LastUpgradeCheck = 0730;
				ORGANIZATIONNAME = chars;
				TargetAttributes = {
					4BB1EFA71D2277940035D746 = {
						CreatedOnToolsVersion = 7.3;
					};
					4BB1EFC01D2277940035D746 = {
						CreatedOnToolsVersion = 7.3;
						TestTargetID = 4BB1EFA71D2277940035D746;
					};
					4BB1EFCB1D2277940035D746 = {
						CreatedOnToolsVersion = 7.3;
						TestTargetID = 4BB1EFA71D2277940035D746;
					};
				};
			};
			buildConfigurationList = 4BB1EFA31D2277940035D746 /* Build configuration list for PBXProject "foldingCell-oc" */;
			compatibilityVersion = "Xcode 3.2";
			developmentRegion = English;
			hasScannedForEncodings = 0;
			knownRegions = (
				en,
				Base,
			);
			mainGroup = 4BB1EF9F1D2277940035D746;
			productRefGroup = 4BB1EFA91D2277940035D746 /* Products */;
			projectDirPath = "";
			projectRoot = "";
			targets = (
				4BB1EFA71D2277940035D746 /* foldingCell-oc */,
				4BB1EFC01D2277940035D746 /* foldingCell-ocTests */,
				4BB1EFCB1D2277940035D746 /* foldingCell-ocUITests */,
			);
		};
/* End PBXProject section */

/* Begin PBXResourcesBuildPhase section */
		4BB1EFA61D2277940035D746 /* Resources */ = {
			isa = PBXResourcesBuildPhase;
			buildActionMask = 2147483647;
			files = (
				4BB1EFBB1D2277940035D746 /* LaunchScreen.storyboard in Resources */,
				4BB1EFB81D2277940035D746 /* Assets.xcassets in Resources */,
				D5B0A2141D2412E20015A79A /* dots.png in Resources */,
				D5B0A2181D24132F0015A79A /* u=521190356,2495057524&fm=21&gp=0.jpg in Resources */,
				4BB1EFB61D2277940035D746 /* Main.storyboard in Resources */,
				D5B0A2081D2406A20015A79A /* FoldingCell.xib in Resources */,
				D5B0A20F1D2407BC0015A79A /* image.png in Resources */,
				D5B0A2171D24132F0015A79A /* 9885883_222259288000_2.jpg in Resources */,
				D5B0A2111D2407BC0015A79A /* main_background.png in Resources */,
				D5B0A2101D2407BC0015A79A /* login_background.png in Resources */,
				D5B0A2121D2407BC0015A79A /* main_gray.png in Resources */,
			);
			runOnlyForDeploymentPostprocessing = 0;
		};
		4BB1EFBF1D2277940035D746 /* Resources */ = {
			isa = PBXResourcesBuildPhase;
			buildActionMask = 2147483647;
			files = (
			);
			runOnlyForDeploymentPostprocessing = 0;
		};
		4BB1EFCA1D2277940035D746 /* Resources */ = {
			isa = PBXResourcesBuildPhase;
			buildActionMask = 2147483647;
			files = (
			);
			runOnlyForDeploymentPostprocessing = 0;
		};
/* End PBXResourcesBuildPhase section */

/* Begin PBXSourcesBuildPhase section */
		4BB1EFA41D2277940035D746 /* Sources */ = {
			isa = PBXSourcesBuildPhase;
			buildActionMask = 2147483647;
			files = (
				4BB1EFB31D2277940035D746 /* TableViewController.m in Sources */,
				4BB1EFB01D2277940035D746 /* AppDelegate.m in Sources */,
				4BB1EFAD1D2277940035D746 /* main.m in Sources */,
				4BB1EFE01D2278580035D746 /* FoldingCell.m in Sources */,
			);
			runOnlyForDeploymentPostprocessing = 0;
		};
		4BB1EFBD1D2277940035D746 /* Sources */ = {
			isa = PBXSourcesBuildPhase;
			buildActionMask = 2147483647;
			files = (
				4BB1EFC61D2277940035D746 /* foldingCell_ocTests.m in Sources */,
			);
			runOnlyForDeploymentPostprocessing = 0;
		};
		4BB1EFC81D2277940035D746 /* Sources */ = {
			isa = PBXSourcesBuildPhase;
			buildActionMask = 2147483647;
			files = (
				4BB1EFD11D2277940035D746 /* foldingCell_ocUITests.m in Sources */,
			);
			runOnlyForDeploymentPostprocessing = 0;
		};
/* End PBXSourcesBuildPhase section */

/* Begin PBXTargetDependency section */
		4BB1EFC31D2277940035D746 /* PBXTargetDependency */ = {
			isa = PBXTargetDependency;
			target = 4BB1EFA71D2277940035D746 /* foldingCell-oc */;
			targetProxy = 4BB1EFC21D2277940035D746 /* PBXContainerItemProxy */;
		};
		4BB1EFCE1D2277940035D746 /* PBXTargetDependency */ = {
			isa = PBXTargetDependency;
			target = 4BB1EFA71D2277940035D746 /* foldingCell-oc */;
			targetProxy = 4BB1EFCD1D2277940035D746 /* PBXContainerItemProxy */;
		};
/* End PBXTargetDependency section */

/* Begin PBXVariantGroup section */
		4BB1EFB41D2277940035D746 /* Main.storyboard */ = {
			isa = PBXVariantGroup;
			children = (
				4BB1EFB51D2277940035D746 /* Base */,
			);
			name = Main.storyboard;
			sourceTree = "<group>";
		};
		4BB1EFB91D2277940035D746 /* LaunchScreen.storyboard */ = {
			isa = PBXVariantGroup;
			children = (
				4BB1EFBA1D2277940035D746 /* Base */,
			);
			name = LaunchScreen.storyboard;
			sourceTree = "<group>";
		};
/* End PBXVariantGroup section */

/* Begin XCBuildConfiguration section */
		4BB1EFD31D2277940035D746 /* Debug */ = {
			isa = XCBuildConfiguration;
			buildSettings = {
				ALWAYS_SEARCH_USER_PATHS = NO;
				CLANG_ANALYZER_NONNULL = YES;
				CLANG_CXX_LANGUAGE_STANDARD = "gnu++0x";
				CLANG_CXX_LIBRARY = "libc++";
				CLANG_ENABLE_MODULES = YES;
				CLANG_ENABLE_OBJC_ARC = YES;
				CLANG_WARN_BOOL_CONVERSION = YES;
				CLANG_WARN_CONSTANT_CONVERSION = YES;
				CLANG_WARN_DIRECT_OBJC_ISA_USAGE = YES_ERROR;
				CLANG_WARN_EMPTY_BODY = YES;
				CLANG_WARN_ENUM_CONVERSION = YES;
				CLANG_WARN_INT_CONVERSION = YES;
				CLANG_WARN_OBJC_ROOT_CLASS = YES_ERROR;
				CLANG_WARN_UNREACHABLE_CODE = YES;
				CLANG_WARN__DUPLICATE_METHOD_MATCH = YES;
				"CODE_SIGN_IDENTITY[sdk=iphoneos*]" = "iPhone Developer";
				COPY_PHASE_STRIP = NO;
				DEBUG_INFORMATION_FORMAT = dwarf;
				ENABLE_STRICT_OBJC_MSGSEND = YES;
				ENABLE_TESTABILITY = YES;
				GCC_C_LANGUAGE_STANDARD = gnu99;
				GCC_DYNAMIC_NO_PIC = NO;
				GCC_NO_COMMON_BLOCKS = YES;
				GCC_OPTIMIZATION_LEVEL = 0;
				GCC_PREPROCESSOR_DEFINITIONS = (
					"DEBUG=1",
					"$(inherited)",
				);
				GCC_WARN_64_TO_32_BIT_CONVERSION = YES;
				GCC_WARN_ABOUT_RETURN_TYPE = YES_ERROR;
				GCC_WARN_UNDECLARED_SELECTOR = YES;
				GCC_WARN_UNINITIALIZED_AUTOS = YES_AGGRESSIVE;
				GCC_WARN_UNUSED_FUNCTION = YES;
				GCC_WARN_UNUSED_VARIABLE = YES;
				IPHONEOS_DEPLOYMENT_TARGET = 9.3;
				MTL_ENABLE_DEBUG_INFO = YES;
				ONLY_ACTIVE_ARCH = YES;
				SDKROOT = iphoneos;
			};
			name = Debug;
		};
		4BB1EFD41D2277940035D746 /* Release */ = {
			isa = XCBuildConfiguration;
			buildSettings = {
				ALWAYS_SEARCH_USER_PATHS = NO;
				CLANG_ANALYZER_NONNULL = YES;
				CLANG_CXX_LANGUAGE_STANDARD = "gnu++0x";
				CLANG_CXX_LIBRARY = "libc++";
				CLANG_ENABLE_MODULES = YES;
				CLANG_ENABLE_OBJC_ARC = YES;
				CLANG_WARN_BOOL_CONVERSION = YES;
				CLANG_WARN_CONSTANT_CONVERSION = YES;
				CLANG_WARN_DIRECT_OBJC_ISA_USAGE = YES_ERROR;
				CLANG_WARN_EMPTY_BODY = YES;
				CLANG_WARN_ENUM_CONVERSION = YES;
				CLANG_WARN_INT_CONVERSION = YES;
				CLANG_WARN_OBJC_ROOT_CLASS = YES_ERROR;
				CLANG_WARN_UNREACHABLE_CODE = YES;
				CLANG_WARN__DUPLICATE_METHOD_MATCH = YES;
				"CODE_SIGN_IDENTITY[sdk=iphoneos*]" = "iPhone Developer";
				COPY_PHASE_STRIP = NO;
				DEBUG_INFORMATION_FORMAT = "dwarf-with-dsym";
				ENABLE_NS_ASSERTIONS = NO;
				ENABLE_STRICT_OBJC_MSGSEND = YES;
				GCC_C_LANGUAGE_STANDARD = gnu99;
				GCC_NO_COMMON_BLOCKS = YES;
				GCC_WARN_64_TO_32_BIT_CONVERSION = YES;
				GCC_WARN_ABOUT_RETURN_TYPE = YES_ERROR;
				GCC_WARN_UNDECLARED_SELECTOR = YES;
				GCC_WARN_UNINITIALIZED_AUTOS = YES_AGGRESSIVE;
				GCC_WARN_UNUSED_FUNCTION = YES;
				GCC_WARN_UNUSED_VARIABLE = YES;
				IPHONEOS_DEPLOYMENT_TARGET = 9.3;
				MTL_ENABLE_DEBUG_INFO = NO;
				SDKROOT = iphoneos;
				VALIDATE_PRODUCT = YES;
			};
			name = Release;
		};
		4BB1EFD61D2277940035D746 /* Debug */ = {
			isa = XCBuildConfiguration;
			buildSettings = {
				ASSETCATALOG_COMPILER_APPICON_NAME = AppIcon;
				INFOPLIST_FILE = "foldingCell-oc/Info.plist";
				IPHONEOS_DEPLOYMENT_TARGET = 8.0;
				LD_RUNPATH_SEARCH_PATHS = "$(inherited) @executable_path/Frameworks";
				PRODUCT_BUNDLE_IDENTIFIER = "com.zaker.chars.foldingCell-oc";
				PRODUCT_NAME = "$(TARGET_NAME)";
				TARGETED_DEVICE_FAMILY = 1;
			};
			name = Debug;
		};
		4BB1EFD71D2277940035D746 /* Release */ = {
			isa = XCBuildConfiguration;
			buildSettings = {
				ASSETCATALOG_COMPILER_APPICON_NAME = AppIcon;
				INFOPLIST_FILE = "foldingCell-oc/Info.plist";
				IPHONEOS_DEPLOYMENT_TARGET = 8.0;
				LD_RUNPATH_SEARCH_PATHS = "$(inherited) @executable_path/Frameworks";
				PRODUCT_BUNDLE_IDENTIFIER = "com.zaker.chars.foldingCell-oc";
				PRODUCT_NAME = "$(TARGET_NAME)";
				TARGETED_DEVICE_FAMILY = 1;
			};
			name = Release;
		};
		4BB1EFD91D2277940035D746 /* Debug */ = {
			isa = XCBuildConfiguration;
			buildSettings = {
				BUNDLE_LOADER = "$(TEST_HOST)";
				INFOPLIST_FILE = "foldingCell-ocTests/Info.plist";
				LD_RUNPATH_SEARCH_PATHS = "$(inherited) @executable_path/Frameworks @loader_path/Frameworks";
				PRODUCT_BUNDLE_IDENTIFIER = "com.zaker.chars.foldingCell-ocTests";
				PRODUCT_NAME = "$(TARGET_NAME)";
				TEST_HOST = "$(BUILT_PRODUCTS_DIR)/foldingCell-oc.app/foldingCell-oc";
			};
			name = Debug;
		};
		4BB1EFDA1D2277940035D746 /* Release */ = {
			isa = XCBuildConfiguration;
			buildSettings = {
				BUNDLE_LOADER = "$(TEST_HOST)";
				INFOPLIST_FILE = "foldingCell-ocTests/Info.plist";
				LD_RUNPATH_SEARCH_PATHS = "$(inherited) @executable_path/Frameworks @loader_path/Frameworks";
				PRODUCT_BUNDLE_IDENTIFIER = "com.zaker.chars.foldingCell-ocTests";
				PRODUCT_NAME = "$(TARGET_NAME)";
				TEST_HOST = "$(BUILT_PRODUCTS_DIR)/foldingCell-oc.app/foldingCell-oc";
			};
			name = Release;
		};
		4BB1EFDC1D2277940035D746 /* Debug */ = {
			isa = XCBuildConfiguration;
			buildSettings = {
				INFOPLIST_FILE = "foldingCell-ocUITests/Info.plist";
				LD_RUNPATH_SEARCH_PATHS = "$(inherited) @executable_path/Frameworks @loader_path/Frameworks";
				PRODUCT_BUNDLE_IDENTIFIER = "com.zaker.chars.foldingCell-ocUITests";
				PRODUCT_NAME = "$(TARGET_NAME)";
				TEST_TARGET_NAME = "foldingCell-oc";
			};
			name = Debug;
		};
		4BB1EFDD1D2277940035D746 /* Release */ = {
			isa = XCBuildConfiguration;
			buildSettings = {
				INFOPLIST_FILE = "foldingCell-ocUITests/Info.plist";
				LD_RUNPATH_SEARCH_PATHS = "$(inherited) @executable_path/Frameworks @loader_path/Frameworks";
				PRODUCT_BUNDLE_IDENTIFIER = "com.zaker.chars.foldingCell-ocUITests";
				PRODUCT_NAME = "$(TARGET_NAME)";
				TEST_TARGET_NAME = "foldingCell-oc";
			};
			name = Release;
		};
/* End XCBuildConfiguration section */

/* Begin XCConfigurationList section */
		4BB1EFA31D2277940035D746 /* Build configuration list for PBXProject "foldingCell-oc" */ = {
			isa = XCConfigurationList;
			buildConfigurations = (
				4BB1EFD31D2277940035D746 /* Debug */,
				4BB1EFD41D2277940035D746 /* Release */,
			);
			defaultConfigurationIsVisible = 0;
			defaultConfigurationName = Release;
		};
		4BB1EFD51D2277940035D746 /* Build configuration list for PBXNativeTarget "foldingCell-oc" */ = {
			isa = XCConfigurationList;
			buildConfigurations = (
				4BB1EFD61D2277940035D746 /* Debug */,
				4BB1EFD71D2277940035D746 /* Release */,
			);
			defaultConfigurationIsVisible = 0;
			defaultConfigurationName = Release;
		};
		4BB1EFD81D2277940035D746 /* Build configuration list for PBXNativeTarget "foldingCell-ocTests" */ = {
			isa = XCConfigurationList;
			buildConfigurations = (
				4BB1EFD91D2277940035D746 /* Debug */,
				4BB1EFDA1D2277940035D746 /* Release */,
			);
			defaultConfigurationIsVisible = 0;
			defaultConfigurationName = Release;
		};
		4BB1EFDB1D2277940035D746 /* Build configuration list for PBXNativeTarget "foldingCell-ocUITests" */ = {
			isa = XCConfigurationList;
			buildConfigurations = (
				4BB1EFDC1D2277940035D746 /* Debug */,
				4BB1EFDD1D2277940035D746 /* Release */,
			);
			defaultConfigurationIsVisible = 0;
			defaultConfigurationName = Release;
		};
/* End XCConfigurationList section */
	};
	rootObject = 4BB1EFA01D2277940035D746 /* Project object */;
}
